
Microsoft Visual Studio Solution File, Format Version 12.00
# Visual Studio 15
VisualStudioVersion = 15.0.27130.2027
MinimumVisualStudioVersion = 10.0.40219.1
Project("{FAE04EC0-301F-11D3-BF4B-00C04F79EFBC}") = "WebScriptManager", "WebScriptManager\WebScriptManager.csproj", "{A44BF4C8-0A7A-4A77-AE69-378B68A4C498}"
EndProject
Global
	GlobalSection(SolutionConfigurationPlatforms) = preSolution
		Debug|Any CPU = Debug|Any CPU
		Release|Any CPU = Release|Any CPU
	EndGlobalSection
	GlobalSection(ProjectConfigurationPlatforms) = postSolution
		{A44BF4C8-0A7A-4A77-AE69-378B68A4C498}.Debug|Any CPU.ActiveCfg = Debug|Any CPU
		{A44BF4C8-0A7A-4A77-AE69-378B68A4C498}.Debug|Any CPU.Build.0 = Debug|Any CPU
		{A44BF4C8-0A7A-4A77-AE69-378B68A4C498}.Release|Any CPU.ActiveCfg = Release|Any CPU
		{A44BF4C8-0A7A-4A77-AE69-378B68A4C498}.Release|Any CPU.Build.0 = Release|Any CPU
	EndGlobalSection
	GlobalSection(SolutionProperties) = preSolution
		HideSolutionNode = FALSE
	EndGlobalSection
	GlobalSection(ExtensibilityGlobals) = postSolution
		SolutionGuid = {353888AC-9D35-4E14-8A1D-6DC74188F17F}
	EndGlobalSection
EndGlobal
